
Microsoft Visual Studio Solution File, Format Version 12.00
# Visual Studio Version 16
VisualStudioVersion = 16.0.31112.23
MinimumVisualStudioVersion = 10.0.40219.1
Project("{9A19103F-16F7-4668-BE54-9A1E7A4F7556}") = "wpfapp1", "wpfapp1\wpfapp1.csproj", "{CA9DC311-9014-46AE-8BB5-C4348D8CC3FC}"
EndProject
Global
	GlobalSection(SolutionConfigurationPlatforms) = preSolution
		Debug|Any CPU = Debug|Any CPU
		Release|Any CPU = Release|Any CPU
	EndGlobalSection
	GlobalSection(ProjectConfigurationPlatforms) = postSolution
		{CA9DC311-9014-46AE-8BB5-C4348D8CC3FC}.Debug|Any CPU.ActiveCfg = Debug|Any CPU
		{CA9DC311-9014-46AE-8BB5-C4348D8CC3FC}.Debug|Any CPU.Build.0 = Debug|Any CPU
		{CA9DC311-9014-46AE-8BB5-C4348D8CC3FC}.Release|Any CPU.ActiveCfg = Release|Any CPU
		{CA9DC311-9014-46AE-8BB5-C4348D8CC3FC}.Release|Any CPU.Build.0 = Release|Any CPU
	EndGlobalSection
	GlobalSection(SolutionProperties) = preSolution
		HideSolutionNode = FALSE
	EndGlobalSection
	GlobalSection(ExtensibilityGlobals) = postSolution
		SolutionGuid = {5A2E4106-BECE-4E10-A327-7C6DB5DD6A18}
	EndGlobalSection
EndGlobal
